
Microsoft Visual Studio Solution File, Format Version 12.00
# Visual Studio Express 2012 for Windows Desktop
Project("{FAE04EC0-301F-11D3-BF4B-00C04F79EFBC}") = "OrganizingProjectC", "OrganizingProjectC\OrganizingProjectC.csproj", "{4DF0FEB7-795B-4EA4-AD9F-577007586E47}"
EndProject
Global
	GlobalSection(SolutionConfigurationPlatforms) = preSolution
		Debug|Any CPU = Debug|Any CPU
		Release|Any CPU = Release|Any CPU
	EndGlobalSection
	GlobalSection(ProjectConfigurationPlatforms) = postSolution
		{4DF0FEB7-795B-4EA4-AD9F-577007586E47}.Debug|Any CPU.ActiveCfg = Debug|Any CPU
		{4DF0FEB7-795B-4EA4-AD9F-577007586E47}.Debug|Any CPU.Build.0 = Debug|Any CPU
		{4DF0FEB7-795B-4EA4-AD9F-577007586E47}.Release|Any CPU.ActiveCfg = Release|Any CPU
		{4DF0FEB7-795B-4EA4-AD9F-577007586E47}.Release|Any CPU.Build.0 = Release|Any CPU
	EndGlobalSection
	GlobalSection(SolutionProperties) = preSolution
		HideSolutionNode = FALSE
	EndGlobalSection
EndGlobal
